
Microsoft Visual Studio Solution File, Format Version 12.00
# Visual Studio 2012
Project("{FAE04EC0-301F-11D3-BF4B-00C04F79EFBC}") = "lastfm-sharp2", "lastfm-sharp\lastfm-sharp2.csproj", "{91E7DBDB-431C-432F-8430-8A1E564B43DD}"
EndProject
Global
	GlobalSection(SolutionConfigurationPlatforms) = preSolution
		Debug|Any CPU = Debug|Any CPU
		Debug|x64 = Debug|x64
		Release|Any CPU = Release|Any CPU
		Release|x64 = Release|x64
	EndGlobalSection
	GlobalSection(ProjectConfigurationPlatforms) = postSolution
		{91E7DBDB-431C-432F-8430-8A1E564B43DD}.Debug|Any CPU.ActiveCfg = Debug|Any CPU
		{91E7DBDB-431C-432F-8430-8A1E564B43DD}.Debug|Any CPU.Build.0 = Debug|Any CPU
		{91E7DBDB-431C-432F-8430-8A1E564B43DD}.Debug|x64.ActiveCfg = Debug|x64
		{91E7DBDB-431C-432F-8430-8A1E564B43DD}.Debug|x64.Build.0 = Debug|x64
		{91E7DBDB-431C-432F-8430-8A1E564B43DD}.Release|Any CPU.ActiveCfg = Release|Any CPU
		{91E7DBDB-431C-432F-8430-8A1E564B43DD}.Release|Any CPU.Build.0 = Release|Any CPU
		{91E7DBDB-431C-432F-8430-8A1E564B43DD}.Release|x64.ActiveCfg = Release|Any CPU
		{91E7DBDB-431C-432F-8430-8A1E564B43DD}.Release|x64.Build.0 = Release|Any CPU
	EndGlobalSection
	GlobalSection(SolutionProperties) = preSolution
		HideSolutionNode = FALSE
	EndGlobalSection
	GlobalSection(MonoDevelopProperties) = preSolution
		outputpath = ..\bin
		StartupItem = lastfm-sharp\lastfm-sharp.csproj
		releaseversion = 0.1.10
		name = lastfm-sharp
		MonoDevelop.ChangeLogAddIn.ChangeLogInfo = $0
		$0.policy = UpdateNearestChangeLog
	EndGlobalSection
EndGlobal
